
Microsoft Visual Studio Solution File, Format Version 12.00
# Visual Studio Version 16
VisualStudioVersion = 16.0.32002.261
MinimumVisualStudioVersion = 10.0.40219.1
Project("{FAE04EC0-301F-11D3-BF4B-00C04F79EFBC}") = "01.Messaging", "Messaging\01.Messaging.csproj", "{832098ED-9458-476B-B815-FB12F8EF0BF2}"
EndProject
Project("{FAE04EC0-301F-11D3-BF4B-00C04F79EFBC}") = "02.CarRace", "CarRace\02.CarRace.csproj", "{6822FB9C-BC89-41A8-928E-605DFD6D1635}"
EndProject
Project("{FAE04EC0-301F-11D3-BF4B-00C04F79EFBC}") = "05.DrumSet", "DrumSet\05.DrumSet.csproj", "{C70EAEAD-239C-487D-B4C9-BEB15280A7CE}"
EndProject
Project("{FAE04EC0-301F-11D3-BF4B-00C04F79EFBC}") = "04.MixedUpLists", "MixedUpLists\04.MixedUpLists.csproj", "{B17E86D8-6F45-4824-B2FB-867E6BB95CC4}"
EndProject
Project("{FAE04EC0-301F-11D3-BF4B-00C04F79EFBC}") = "03.TakeSkipRope", "TakeSkipRope\03.TakeSkipRope.csproj", "{3C2CAA2A-3FA9-495A-B371-70CA26B2301A}"
EndProject
Global
	GlobalSection(SolutionConfigurationPlatforms) = preSolution
		Debug|Any CPU = Debug|Any CPU
		Release|Any CPU = Release|Any CPU
	EndGlobalSection
	GlobalSection(ProjectConfigurationPlatforms) = postSolution
		{832098ED-9458-476B-B815-FB12F8EF0BF2}.Debug|Any CPU.ActiveCfg = Debug|Any CPU
		{832098ED-9458-476B-B815-FB12F8EF0BF2}.Debug|Any CPU.Build.0 = Debug|Any CPU
		{832098ED-9458-476B-B815-FB12F8EF0BF2}.Release|Any CPU.ActiveCfg = Release|Any CPU
		{832098ED-9458-476B-B815-FB12F8EF0BF2}.Release|Any CPU.Build.0 = Release|Any CPU
		{6822FB9C-BC89-41A8-928E-605DFD6D1635}.Debug|Any CPU.ActiveCfg = Debug|Any CPU
		{6822FB9C-BC89-41A8-928E-605DFD6D1635}.Debug|Any CPU.Build.0 = Debug|Any CPU
		{6822FB9C-BC89-41A8-928E-605DFD6D1635}.Release|Any CPU.ActiveCfg = Release|Any CPU
		{6822FB9C-BC89-41A8-928E-605DFD6D1635}.Release|Any CPU.Build.0 = Release|Any CPU
		{C70EAEAD-239C-487D-B4C9-BEB15280A7CE}.Debug|Any CPU.ActiveCfg = Debug|Any CPU
		{C70EAEAD-239C-487D-B4C9-BEB15280A7CE}.Debug|Any CPU.Build.0 = Debug|Any CPU
		{C70EAEAD-239C-487D-B4C9-BEB15280A7CE}.Release|Any CPU.ActiveCfg = Release|Any CPU
		{C70EAEAD-239C-487D-B4C9-BEB15280A7CE}.Release|Any CPU.Build.0 = Release|Any CPU
		{B17E86D8-6F45-4824-B2FB-867E6BB95CC4}.Debug|Any CPU.ActiveCfg = Debug|Any CPU
		{B17E86D8-6F45-4824-B2FB-867E6BB95CC4}.Debug|Any CPU.Build.0 = Debug|Any CPU
		{B17E86D8-6F45-4824-B2FB-867E6BB95CC4}.Release|Any CPU.ActiveCfg = Release|Any CPU
		{B17E86D8-6F45-4824-B2FB-867E6BB95CC4}.Release|Any CPU.Build.0 = Release|Any CPU
		{3C2CAA2A-3FA9-495A-B371-70CA26B2301A}.Debug|Any CPU.ActiveCfg = Debug|Any CPU
		{3C2CAA2A-3FA9-495A-B371-70CA26B2301A}.Debug|Any CPU.Build.0 = Debug|Any CPU
		{3C2CAA2A-3FA9-495A-B371-70CA26B2301A}.Release|Any CPU.ActiveCfg = Release|Any CPU
		{3C2CAA2A-3FA9-495A-B371-70CA26B2301A}.Release|Any CPU.Build.0 = Release|Any CPU
	EndGlobalSection
	GlobalSection(SolutionProperties) = preSolution
		HideSolutionNode = FALSE
	EndGlobalSection
	GlobalSection(ExtensibilityGlobals) = postSolution
		SolutionGuid = {4A013D7B-7753-42AC-82D9-18A5C899ED6E}
	EndGlobalSection
EndGlobal
