
Microsoft Visual Studio Solution File, Format Version 12.00
# Visual Studio Version 16
VisualStudioVersion = 16.0.32002.261
MinimumVisualStudioVersion = 10.0.40219.1
Project("{9A19103F-16F7-4668-BE54-9A1E7A4F7556}") = "01.AdvertisementMessage", "AdvertisementMessage\01.AdvertisementMessage.csproj", "{6268C61A-528A-42AE-B2AF-E39F0AA201E0}"
EndProject
Project("{9A19103F-16F7-4668-BE54-9A1E7A4F7556}") = "02.Articles", "Articles\02.Articles.csproj", "{E1506E94-8FFE-4CD2-9CFB-82C644828D76}"
EndProject
Project("{9A19103F-16F7-4668-BE54-9A1E7A4F7556}") = "03.Articles2", "Articles2\03.Articles2.csproj", "{61071428-9BE3-4613-98EA-B13B05163FFC}"
EndProject
Project("{9A19103F-16F7-4668-BE54-9A1E7A4F7556}") = "06.VehicleCatalogue", "VehicleCatalogue\06.VehicleCatalogue.csproj", "{A8BF63A7-F1E0-4459-9194-5DC398499406}"
EndProject
Project("{9A19103F-16F7-4668-BE54-9A1E7A4F7556}") = "07.OrderByAge", "OrderByAge\07.OrderByAge.csproj", "{AF6A75E1-F180-4602-BDDE-AEAE0B9C33E8}"
EndProject
Project("{FAE04EC0-301F-11D3-BF4B-00C04F79EFBC}") = "04.StudentsCorrect", "StudentsCorrect\04.StudentsCorrect.csproj", "{098B2987-B47C-478F-AA0E-CCCB832B309C}"
EndProject
Project("{FAE04EC0-301F-11D3-BF4B-00C04F79EFBC}") = "05.TeamworkProjects", "TeamworkProjects\05.TeamworkProjects.csproj", "{1C068D95-DCC3-49C1-9B72-67FE2E4ED728}"
EndProject
Global
	GlobalSection(SolutionConfigurationPlatforms) = preSolution
		Debug|Any CPU = Debug|Any CPU
		Release|Any CPU = Release|Any CPU
	EndGlobalSection
	GlobalSection(ProjectConfigurationPlatforms) = postSolution
		{6268C61A-528A-42AE-B2AF-E39F0AA201E0}.Debug|Any CPU.ActiveCfg = Debug|Any CPU
		{6268C61A-528A-42AE-B2AF-E39F0AA201E0}.Debug|Any CPU.Build.0 = Debug|Any CPU
		{6268C61A-528A-42AE-B2AF-E39F0AA201E0}.Release|Any CPU.ActiveCfg = Release|Any CPU
		{6268C61A-528A-42AE-B2AF-E39F0AA201E0}.Release|Any CPU.Build.0 = Release|Any CPU
		{E1506E94-8FFE-4CD2-9CFB-82C644828D76}.Debug|Any CPU.ActiveCfg = Debug|Any CPU
		{E1506E94-8FFE-4CD2-9CFB-82C644828D76}.Debug|Any CPU.Build.0 = Debug|Any CPU
		{E1506E94-8FFE-4CD2-9CFB-82C644828D76}.Release|Any CPU.ActiveCfg = Release|Any CPU
		{E1506E94-8FFE-4CD2-9CFB-82C644828D76}.Release|Any CPU.Build.0 = Release|Any CPU
		{61071428-9BE3-4613-98EA-B13B05163FFC}.Debug|Any CPU.ActiveCfg = Debug|Any CPU
		{61071428-9BE3-4613-98EA-B13B05163FFC}.Debug|Any CPU.Build.0 = Debug|Any CPU
		{61071428-9BE3-4613-98EA-B13B05163FFC}.Release|Any CPU.ActiveCfg = Release|Any CPU
		{61071428-9BE3-4613-98EA-B13B05163FFC}.Release|Any CPU.Build.0 = Release|Any CPU
		{A8BF63A7-F1E0-4459-9194-5DC398499406}.Debug|Any CPU.ActiveCfg = Debug|Any CPU
		{A8BF63A7-F1E0-4459-9194-5DC398499406}.Debug|Any CPU.Build.0 = Debug|Any CPU
		{A8BF63A7-F1E0-4459-9194-5DC398499406}.Release|Any CPU.ActiveCfg = Release|Any CPU
		{A8BF63A7-F1E0-4459-9194-5DC398499406}.Release|Any CPU.Build.0 = Release|Any CPU
		{AF6A75E1-F180-4602-BDDE-AEAE0B9C33E8}.Debug|Any CPU.ActiveCfg = Debug|Any CPU
		{AF6A75E1-F180-4602-BDDE-AEAE0B9C33E8}.Debug|Any CPU.Build.0 = Debug|Any CPU
		{AF6A75E1-F180-4602-BDDE-AEAE0B9C33E8}.Release|Any CPU.ActiveCfg = Release|Any CPU
		{AF6A75E1-F180-4602-BDDE-AEAE0B9C33E8}.Release|Any CPU.Build.0 = Release|Any CPU
		{098B2987-B47C-478F-AA0E-CCCB832B309C}.Debug|Any CPU.ActiveCfg = Debug|Any CPU
		{098B2987-B47C-478F-AA0E-CCCB832B309C}.Debug|Any CPU.Build.0 = Debug|Any CPU
		{098B2987-B47C-478F-AA0E-CCCB832B309C}.Release|Any CPU.ActiveCfg = Release|Any CPU
		{098B2987-B47C-478F-AA0E-CCCB832B309C}.Release|Any CPU.Build.0 = Release|Any CPU
		{1C068D95-DCC3-49C1-9B72-67FE2E4ED728}.Debug|Any CPU.ActiveCfg = Debug|Any CPU
		{1C068D95-DCC3-49C1-9B72-67FE2E4ED728}.Debug|Any CPU.Build.0 = Debug|Any CPU
		{1C068D95-DCC3-49C1-9B72-67FE2E4ED728}.Release|Any CPU.ActiveCfg = Release|Any CPU
		{1C068D95-DCC3-49C1-9B72-67FE2E4ED728}.Release|Any CPU.Build.0 = Release|Any CPU
	EndGlobalSection
	GlobalSection(SolutionProperties) = preSolution
		HideSolutionNode = FALSE
	EndGlobalSection
	GlobalSection(ExtensibilityGlobals) = postSolution
		SolutionGuid = {86B3EA64-F994-4146-8DCB-3B0BE2BB2C79}
	EndGlobalSection
EndGlobal
