
Microsoft Visual Studio Solution File, Format Version 12.00
# Visual Studio 15
VisualStudioVersion = 15.0.28307.1705
MinimumVisualStudioVersion = 10.0.40219.1
Project("{FAE04EC0-301F-11D3-BF4B-00C04F79EFBC}") = "01.SumAdjacentNumbers", "SumAdjacentNumbers\01.SumAdjacentNumbers.csproj", "{A2F639DD-727A-40D6-9EE5-ABB54F32DAD2}"
EndProject
Project("{FAE04EC0-301F-11D3-BF4B-00C04F79EFBC}") = "02.GaussTrick", "GaussTrick\02.GaussTrick.csproj", "{14C1009A-1A9D-47C8-B984-F33F0AA17922}"
EndProject
Project("{FAE04EC0-301F-11D3-BF4B-00C04F79EFBC}") = "03.MergingLists", "MergingLists\03.MergingLists.csproj", "{03C5065A-8163-4683-98B3-E60F0437E45A}"
EndProject
Project("{FAE04EC0-301F-11D3-BF4B-00C04F79EFBC}") = "04.ListOfProducts", "ListOfProducts\04.ListOfProducts.csproj", "{8A057768-3784-4BFE-A652-B22EF30C55D2}"
EndProject
Project("{FAE04EC0-301F-11D3-BF4B-00C04F79EFBC}") = "05.RemoveNegativesAndReverse", "RemoveNegativesAndReverse\05.RemoveNegativesAndReverse.csproj", "{0762FF2B-405C-4F84-87FC-0BE29FFF1BC8}"
EndProject
Project("{FAE04EC0-301F-11D3-BF4B-00C04F79EFBC}") = "06.ListManipulationBasics", "ListManipulationBasics\06.ListManipulationBasics.csproj", "{CEBB0C3A-7ADC-4A9A-8468-3E96D917D698}"
EndProject
Project("{FAE04EC0-301F-11D3-BF4B-00C04F79EFBC}") = "07.ListManipulationAdvanced", "ListManipulationAdvanced\07.ListManipulationAdvanced.csproj", "{37C0AE97-A7C4-4001-8978-DF3B1E9833E7}"
EndProject
Global
	GlobalSection(SolutionConfigurationPlatforms) = preSolution
		Debug|Any CPU = Debug|Any CPU
		Release|Any CPU = Release|Any CPU
	EndGlobalSection
	GlobalSection(ProjectConfigurationPlatforms) = postSolution
		{A2F639DD-727A-40D6-9EE5-ABB54F32DAD2}.Debug|Any CPU.ActiveCfg = Debug|Any CPU
		{A2F639DD-727A-40D6-9EE5-ABB54F32DAD2}.Debug|Any CPU.Build.0 = Debug|Any CPU
		{A2F639DD-727A-40D6-9EE5-ABB54F32DAD2}.Release|Any CPU.ActiveCfg = Release|Any CPU
		{A2F639DD-727A-40D6-9EE5-ABB54F32DAD2}.Release|Any CPU.Build.0 = Release|Any CPU
		{14C1009A-1A9D-47C8-B984-F33F0AA17922}.Debug|Any CPU.ActiveCfg = Debug|Any CPU
		{14C1009A-1A9D-47C8-B984-F33F0AA17922}.Debug|Any CPU.Build.0 = Debug|Any CPU
		{14C1009A-1A9D-47C8-B984-F33F0AA17922}.Release|Any CPU.ActiveCfg = Release|Any CPU
		{14C1009A-1A9D-47C8-B984-F33F0AA17922}.Release|Any CPU.Build.0 = Release|Any CPU
		{03C5065A-8163-4683-98B3-E60F0437E45A}.Debug|Any CPU.ActiveCfg = Debug|Any CPU
		{03C5065A-8163-4683-98B3-E60F0437E45A}.Debug|Any CPU.Build.0 = Debug|Any CPU
		{03C5065A-8163-4683-98B3-E60F0437E45A}.Release|Any CPU.ActiveCfg = Release|Any CPU
		{03C5065A-8163-4683-98B3-E60F0437E45A}.Release|Any CPU.Build.0 = Release|Any CPU
		{8A057768-3784-4BFE-A652-B22EF30C55D2}.Debug|Any CPU.ActiveCfg = Debug|Any CPU
		{8A057768-3784-4BFE-A652-B22EF30C55D2}.Debug|Any CPU.Build.0 = Debug|Any CPU
		{8A057768-3784-4BFE-A652-B22EF30C55D2}.Release|Any CPU.ActiveCfg = Release|Any CPU
		{8A057768-3784-4BFE-A652-B22EF30C55D2}.Release|Any CPU.Build.0 = Release|Any CPU
		{0762FF2B-405C-4F84-87FC-0BE29FFF1BC8}.Debug|Any CPU.ActiveCfg = Debug|Any CPU
		{0762FF2B-405C-4F84-87FC-0BE29FFF1BC8}.Debug|Any CPU.Build.0 = Debug|Any CPU
		{0762FF2B-405C-4F84-87FC-0BE29FFF1BC8}.Release|Any CPU.ActiveCfg = Release|Any CPU
		{0762FF2B-405C-4F84-87FC-0BE29FFF1BC8}.Release|Any CPU.Build.0 = Release|Any CPU
		{CEBB0C3A-7ADC-4A9A-8468-3E96D917D698}.Debug|Any CPU.ActiveCfg = Debug|Any CPU
		{CEBB0C3A-7ADC-4A9A-8468-3E96D917D698}.Debug|Any CPU.Build.0 = Debug|Any CPU
		{CEBB0C3A-7ADC-4A9A-8468-3E96D917D698}.Release|Any CPU.ActiveCfg = Release|Any CPU
		{CEBB0C3A-7ADC-4A9A-8468-3E96D917D698}.Release|Any CPU.Build.0 = Release|Any CPU
		{37C0AE97-A7C4-4001-8978-DF3B1E9833E7}.Debug|Any CPU.ActiveCfg = Debug|Any CPU
		{37C0AE97-A7C4-4001-8978-DF3B1E9833E7}.Debug|Any CPU.Build.0 = Debug|Any CPU
		{37C0AE97-A7C4-4001-8978-DF3B1E9833E7}.Release|Any CPU.ActiveCfg = Release|Any CPU
		{37C0AE97-A7C4-4001-8978-DF3B1E9833E7}.Release|Any CPU.Build.0 = Release|Any CPU
	EndGlobalSection
	GlobalSection(SolutionProperties) = preSolution
		HideSolutionNode = FALSE
	EndGlobalSection
	GlobalSection(ExtensibilityGlobals) = postSolution
		SolutionGuid = {9E63B34E-8620-4A1C-8272-8140C8104E96}
	EndGlobalSection
EndGlobal
