
Microsoft Visual Studio Solution File, Format Version 12.00
# Visual Studio 15
VisualStudioVersion = 15.0.28307.1082
MinimumVisualStudioVersion = 10.0.40219.1
Project("{FAE04EC0-301F-11D3-BF4B-00C04F79EFBC}") = "01.IntegerOperations", "IntegerOperations\01.IntegerOperations.csproj", "{DFB21E05-2C41-4563-BA00-E92EA24A4169}"
EndProject
Project("{FAE04EC0-301F-11D3-BF4B-00C04F79EFBC}") = "02.SumDigits", "SumDigits\02.SumDigits.csproj", "{9F87ACE5-9E54-4D65-A016-35FD60D85C72}"
EndProject
Project("{FAE04EC0-301F-11D3-BF4B-00C04F79EFBC}") = "03.Elevator", "Elevator\03.Elevator.csproj", "{703EE7A9-3726-425B-B9DB-3830C0ED769F}"
EndProject
Project("{FAE04EC0-301F-11D3-BF4B-00C04F79EFBC}") = "04.SumOfChars", "SumOfChars\04.SumOfChars.csproj", "{AF368D5C-8EB1-46B7-B8CD-78D7DE823B5F}"
EndProject
Project("{FAE04EC0-301F-11D3-BF4B-00C04F79EFBC}") = "05.PrintPartOfAsciiTable", "PrintPartOfAsciiTable\05.PrintPartOfAsciiTable.csproj", "{E8DBDD3F-FE5C-408A-BA27-3E32C947F6CC}"
EndProject
Project("{FAE04EC0-301F-11D3-BF4B-00C04F79EFBC}") = "06.TriplesOfLatinLetters", "TriplesOfLatinLetters\06.TriplesOfLatinLetters.csproj", "{9A859929-B907-48FD-B803-DF1B4CE57A4C}"
EndProject
Project("{FAE04EC0-301F-11D3-BF4B-00C04F79EFBC}") = "07.WaterOverfall", "WaterOverfall\07.WaterOverfall.csproj", "{E4306F97-4666-4F47-B7D6-8DE4BC14E921}"
EndProject
Project("{FAE04EC0-301F-11D3-BF4B-00C04F79EFBC}") = "08.BeerCegs", "BeerCegs\08.BeerCegs.csproj", "{9D5EA450-D1E1-44E0-9656-3E2C2F7F47F2}"
EndProject
Project("{FAE04EC0-301F-11D3-BF4B-00C04F79EFBC}") = "09.SpiceMustFlow", "SpiceMustFlow\09.SpiceMustFlow.csproj", "{DB7FC534-920F-4D95-84DF-F30059E0C417}"
EndProject
Project("{FAE04EC0-301F-11D3-BF4B-00C04F79EFBC}") = "10.PokeMon", "PokeMon\10.PokeMon.csproj", "{02CF3C43-19B0-4090-99B0-9EC57BDF2B68}"
EndProject
Project("{FAE04EC0-301F-11D3-BF4B-00C04F79EFBC}") = "11.Snowballs", "Snowballs\11.Snowballs.csproj", "{BBC7C612-1266-4135-928A-DE3DB9F76BA3}"
EndProject
Global
	GlobalSection(SolutionConfigurationPlatforms) = preSolution
		Debug|Any CPU = Debug|Any CPU
		Release|Any CPU = Release|Any CPU
	EndGlobalSection
	GlobalSection(ProjectConfigurationPlatforms) = postSolution
		{DFB21E05-2C41-4563-BA00-E92EA24A4169}.Debug|Any CPU.ActiveCfg = Debug|Any CPU
		{DFB21E05-2C41-4563-BA00-E92EA24A4169}.Debug|Any CPU.Build.0 = Debug|Any CPU
		{DFB21E05-2C41-4563-BA00-E92EA24A4169}.Release|Any CPU.ActiveCfg = Release|Any CPU
		{DFB21E05-2C41-4563-BA00-E92EA24A4169}.Release|Any CPU.Build.0 = Release|Any CPU
		{9F87ACE5-9E54-4D65-A016-35FD60D85C72}.Debug|Any CPU.ActiveCfg = Debug|Any CPU
		{9F87ACE5-9E54-4D65-A016-35FD60D85C72}.Debug|Any CPU.Build.0 = Debug|Any CPU
		{9F87ACE5-9E54-4D65-A016-35FD60D85C72}.Release|Any CPU.ActiveCfg = Release|Any CPU
		{9F87ACE5-9E54-4D65-A016-35FD60D85C72}.Release|Any CPU.Build.0 = Release|Any CPU
		{703EE7A9-3726-425B-B9DB-3830C0ED769F}.Debug|Any CPU.ActiveCfg = Debug|Any CPU
		{703EE7A9-3726-425B-B9DB-3830C0ED769F}.Debug|Any CPU.Build.0 = Debug|Any CPU
		{703EE7A9-3726-425B-B9DB-3830C0ED769F}.Release|Any CPU.ActiveCfg = Release|Any CPU
		{703EE7A9-3726-425B-B9DB-3830C0ED769F}.Release|Any CPU.Build.0 = Release|Any CPU
		{AF368D5C-8EB1-46B7-B8CD-78D7DE823B5F}.Debug|Any CPU.ActiveCfg = Debug|Any CPU
		{AF368D5C-8EB1-46B7-B8CD-78D7DE823B5F}.Debug|Any CPU.Build.0 = Debug|Any CPU
		{AF368D5C-8EB1-46B7-B8CD-78D7DE823B5F}.Release|Any CPU.ActiveCfg = Release|Any CPU
		{AF368D5C-8EB1-46B7-B8CD-78D7DE823B5F}.Release|Any CPU.Build.0 = Release|Any CPU
		{E8DBDD3F-FE5C-408A-BA27-3E32C947F6CC}.Debug|Any CPU.ActiveCfg = Debug|Any CPU
		{E8DBDD3F-FE5C-408A-BA27-3E32C947F6CC}.Debug|Any CPU.Build.0 = Debug|Any CPU
		{E8DBDD3F-FE5C-408A-BA27-3E32C947F6CC}.Release|Any CPU.ActiveCfg = Release|Any CPU
		{E8DBDD3F-FE5C-408A-BA27-3E32C947F6CC}.Release|Any CPU.Build.0 = Release|Any CPU
		{9A859929-B907-48FD-B803-DF1B4CE57A4C}.Debug|Any CPU.ActiveCfg = Debug|Any CPU
		{9A859929-B907-48FD-B803-DF1B4CE57A4C}.Debug|Any CPU.Build.0 = Debug|Any CPU
		{9A859929-B907-48FD-B803-DF1B4CE57A4C}.Release|Any CPU.ActiveCfg = Release|Any CPU
		{9A859929-B907-48FD-B803-DF1B4CE57A4C}.Release|Any CPU.Build.0 = Release|Any CPU
		{E4306F97-4666-4F47-B7D6-8DE4BC14E921}.Debug|Any CPU.ActiveCfg = Debug|Any CPU
		{E4306F97-4666-4F47-B7D6-8DE4BC14E921}.Debug|Any CPU.Build.0 = Debug|Any CPU
		{E4306F97-4666-4F47-B7D6-8DE4BC14E921}.Release|Any CPU.ActiveCfg = Release|Any CPU
		{E4306F97-4666-4F47-B7D6-8DE4BC14E921}.Release|Any CPU.Build.0 = Release|Any CPU
		{9D5EA450-D1E1-44E0-9656-3E2C2F7F47F2}.Debug|Any CPU.ActiveCfg = Debug|Any CPU
		{9D5EA450-D1E1-44E0-9656-3E2C2F7F47F2}.Debug|Any CPU.Build.0 = Debug|Any CPU
		{9D5EA450-D1E1-44E0-9656-3E2C2F7F47F2}.Release|Any CPU.ActiveCfg = Release|Any CPU
		{9D5EA450-D1E1-44E0-9656-3E2C2F7F47F2}.Release|Any CPU.Build.0 = Release|Any CPU
		{DB7FC534-920F-4D95-84DF-F30059E0C417}.Debug|Any CPU.ActiveCfg = Debug|Any CPU
		{DB7FC534-920F-4D95-84DF-F30059E0C417}.Debug|Any CPU.Build.0 = Debug|Any CPU
		{DB7FC534-920F-4D95-84DF-F30059E0C417}.Release|Any CPU.ActiveCfg = Release|Any CPU
		{DB7FC534-920F-4D95-84DF-F30059E0C417}.Release|Any CPU.Build.0 = Release|Any CPU
		{02CF3C43-19B0-4090-99B0-9EC57BDF2B68}.Debug|Any CPU.ActiveCfg = Debug|Any CPU
		{02CF3C43-19B0-4090-99B0-9EC57BDF2B68}.Debug|Any CPU.Build.0 = Debug|Any CPU
		{02CF3C43-19B0-4090-99B0-9EC57BDF2B68}.Release|Any CPU.ActiveCfg = Release|Any CPU
		{02CF3C43-19B0-4090-99B0-9EC57BDF2B68}.Release|Any CPU.Build.0 = Release|Any CPU
		{BBC7C612-1266-4135-928A-DE3DB9F76BA3}.Debug|Any CPU.ActiveCfg = Debug|Any CPU
		{BBC7C612-1266-4135-928A-DE3DB9F76BA3}.Debug|Any CPU.Build.0 = Debug|Any CPU
		{BBC7C612-1266-4135-928A-DE3DB9F76BA3}.Release|Any CPU.ActiveCfg = Release|Any CPU
		{BBC7C612-1266-4135-928A-DE3DB9F76BA3}.Release|Any CPU.Build.0 = Release|Any CPU
	EndGlobalSection
	GlobalSection(SolutionProperties) = preSolution
		HideSolutionNode = FALSE
	EndGlobalSection
	GlobalSection(ExtensibilityGlobals) = postSolution
		SolutionGuid = {F414E682-6B82-4F8F-85C0-B1696E951107}
	EndGlobalSection
EndGlobal
