
Microsoft Visual Studio Solution File, Format Version 12.00
# Visual Studio Version 16
VisualStudioVersion = 16.0.32002.261
MinimumVisualStudioVersion = 10.0.40219.1
Project("{9A19103F-16F7-4668-BE54-9A1E7A4F7556}") = "01.WinningTicket", "WinningTicket\01.WinningTicket.csproj", "{EDBAD9E8-FA8A-4AFD-ADCC-B4E9BCDB8B53}"
EndProject
Project("{9A19103F-16F7-4668-BE54-9A1E7A4F7556}") = "02.RageQuit", "RageQuit\02.RageQuit.csproj", "{C5950D84-4D51-40B5-9FBA-CF32FF5F7A0F}"
EndProject
Project("{9A19103F-16F7-4668-BE54-9A1E7A4F7556}") = "03.PostOffice", "PostOffice\03.PostOffice.csproj", "{7A7E8BE4-1F4E-4BB9-A76F-912DC4781DD6}"
EndProject
Project("{FAE04EC0-301F-11D3-BF4B-00C04F79EFBC}") = "04.SantasSecretHelper", "SantasSecretHelper\04.SantasSecretHelper.csproj", "{2B7386A1-E775-4B0C-BB4D-FD0D7D88E513}"
EndProject
Global
	GlobalSection(SolutionConfigurationPlatforms) = preSolution
		Debug|Any CPU = Debug|Any CPU
		Release|Any CPU = Release|Any CPU
	EndGlobalSection
	GlobalSection(ProjectConfigurationPlatforms) = postSolution
		{EDBAD9E8-FA8A-4AFD-ADCC-B4E9BCDB8B53}.Debug|Any CPU.ActiveCfg = Debug|Any CPU
		{EDBAD9E8-FA8A-4AFD-ADCC-B4E9BCDB8B53}.Debug|Any CPU.Build.0 = Debug|Any CPU
		{EDBAD9E8-FA8A-4AFD-ADCC-B4E9BCDB8B53}.Release|Any CPU.ActiveCfg = Release|Any CPU
		{EDBAD9E8-FA8A-4AFD-ADCC-B4E9BCDB8B53}.Release|Any CPU.Build.0 = Release|Any CPU
		{C5950D84-4D51-40B5-9FBA-CF32FF5F7A0F}.Debug|Any CPU.ActiveCfg = Debug|Any CPU
		{C5950D84-4D51-40B5-9FBA-CF32FF5F7A0F}.Debug|Any CPU.Build.0 = Debug|Any CPU
		{C5950D84-4D51-40B5-9FBA-CF32FF5F7A0F}.Release|Any CPU.ActiveCfg = Release|Any CPU
		{C5950D84-4D51-40B5-9FBA-CF32FF5F7A0F}.Release|Any CPU.Build.0 = Release|Any CPU
		{7A7E8BE4-1F4E-4BB9-A76F-912DC4781DD6}.Debug|Any CPU.ActiveCfg = Debug|Any CPU
		{7A7E8BE4-1F4E-4BB9-A76F-912DC4781DD6}.Debug|Any CPU.Build.0 = Debug|Any CPU
		{7A7E8BE4-1F4E-4BB9-A76F-912DC4781DD6}.Release|Any CPU.ActiveCfg = Release|Any CPU
		{7A7E8BE4-1F4E-4BB9-A76F-912DC4781DD6}.Release|Any CPU.Build.0 = Release|Any CPU
		{2B7386A1-E775-4B0C-BB4D-FD0D7D88E513}.Debug|Any CPU.ActiveCfg = Debug|Any CPU
		{2B7386A1-E775-4B0C-BB4D-FD0D7D88E513}.Debug|Any CPU.Build.0 = Debug|Any CPU
		{2B7386A1-E775-4B0C-BB4D-FD0D7D88E513}.Release|Any CPU.ActiveCfg = Release|Any CPU
		{2B7386A1-E775-4B0C-BB4D-FD0D7D88E513}.Release|Any CPU.Build.0 = Release|Any CPU
	EndGlobalSection
	GlobalSection(SolutionProperties) = preSolution
		HideSolutionNode = FALSE
	EndGlobalSection
	GlobalSection(ExtensibilityGlobals) = postSolution
		SolutionGuid = {355FAA5D-11ED-4620-8D5C-FF034C39774F}
	EndGlobalSection
EndGlobal
