
Microsoft Visual Studio Solution File, Format Version 12.00
# Visual Studio 15
VisualStudioVersion = 15.0.28307.1705
MinimumVisualStudioVersion = 10.0.40219.1
Project("{FAE04EC0-301F-11D3-BF4B-00C04F79EFBC}") = "01.CountRealNumbers", "CountRealNumbers\01.CountRealNumbers.csproj", "{62745175-41AD-4525-9341-8FD0D5DDFA46}"
EndProject
Project("{FAE04EC0-301F-11D3-BF4B-00C04F79EFBC}") = "02.OddOccurencies", "OddOccurencies\02.OddOccurencies.csproj", "{256EFAE6-9059-4F06-973E-CEFA04458065}"
EndProject
Project("{FAE04EC0-301F-11D3-BF4B-00C04F79EFBC}") = "03.WordSynonyms", "WordSynonyms\03.WordSynonyms.csproj", "{698D96D8-1D1F-4A10-B516-CB2BC1964865}"
EndProject
Project("{FAE04EC0-301F-11D3-BF4B-00C04F79EFBC}") = "04.Largest3Numbers", "Largest3Numbers\04.Largest3Numbers.csproj", "{2EC7A15F-09ED-4339-BE4E-AC24D7457416}"
EndProject
Project("{FAE04EC0-301F-11D3-BF4B-00C04F79EFBC}") = "05.WordFilter", "WordFilter\05.WordFilter.csproj", "{D594289E-57E9-4005-8C28-EB6CEECFA024}"
EndProject
Global
	GlobalSection(SolutionConfigurationPlatforms) = preSolution
		Debug|Any CPU = Debug|Any CPU
		Release|Any CPU = Release|Any CPU
	EndGlobalSection
	GlobalSection(ProjectConfigurationPlatforms) = postSolution
		{62745175-41AD-4525-9341-8FD0D5DDFA46}.Debug|Any CPU.ActiveCfg = Debug|Any CPU
		{62745175-41AD-4525-9341-8FD0D5DDFA46}.Debug|Any CPU.Build.0 = Debug|Any CPU
		{62745175-41AD-4525-9341-8FD0D5DDFA46}.Release|Any CPU.ActiveCfg = Release|Any CPU
		{62745175-41AD-4525-9341-8FD0D5DDFA46}.Release|Any CPU.Build.0 = Release|Any CPU
		{256EFAE6-9059-4F06-973E-CEFA04458065}.Debug|Any CPU.ActiveCfg = Debug|Any CPU
		{256EFAE6-9059-4F06-973E-CEFA04458065}.Debug|Any CPU.Build.0 = Debug|Any CPU
		{256EFAE6-9059-4F06-973E-CEFA04458065}.Release|Any CPU.ActiveCfg = Release|Any CPU
		{256EFAE6-9059-4F06-973E-CEFA04458065}.Release|Any CPU.Build.0 = Release|Any CPU
		{698D96D8-1D1F-4A10-B516-CB2BC1964865}.Debug|Any CPU.ActiveCfg = Debug|Any CPU
		{698D96D8-1D1F-4A10-B516-CB2BC1964865}.Debug|Any CPU.Build.0 = Debug|Any CPU
		{698D96D8-1D1F-4A10-B516-CB2BC1964865}.Release|Any CPU.ActiveCfg = Release|Any CPU
		{698D96D8-1D1F-4A10-B516-CB2BC1964865}.Release|Any CPU.Build.0 = Release|Any CPU
		{2EC7A15F-09ED-4339-BE4E-AC24D7457416}.Debug|Any CPU.ActiveCfg = Debug|Any CPU
		{2EC7A15F-09ED-4339-BE4E-AC24D7457416}.Debug|Any CPU.Build.0 = Debug|Any CPU
		{2EC7A15F-09ED-4339-BE4E-AC24D7457416}.Release|Any CPU.ActiveCfg = Release|Any CPU
		{2EC7A15F-09ED-4339-BE4E-AC24D7457416}.Release|Any CPU.Build.0 = Release|Any CPU
		{D594289E-57E9-4005-8C28-EB6CEECFA024}.Debug|Any CPU.ActiveCfg = Debug|Any CPU
		{D594289E-57E9-4005-8C28-EB6CEECFA024}.Debug|Any CPU.Build.0 = Debug|Any CPU
		{D594289E-57E9-4005-8C28-EB6CEECFA024}.Release|Any CPU.ActiveCfg = Release|Any CPU
		{D594289E-57E9-4005-8C28-EB6CEECFA024}.Release|Any CPU.Build.0 = Release|Any CPU
	EndGlobalSection
	GlobalSection(SolutionProperties) = preSolution
		HideSolutionNode = FALSE
	EndGlobalSection
	GlobalSection(ExtensibilityGlobals) = postSolution
		SolutionGuid = {B260892C-30BD-468F-B8D3-498531C5CD11}
	EndGlobalSection
EndGlobal
