
Microsoft Visual Studio Solution File, Format Version 12.00
# Visual Studio 15
VisualStudioVersion = 15.0.28307.1082
MinimumVisualStudioVersion = 10.0.40219.1
Project("{FAE04EC0-301F-11D3-BF4B-00C04F79EFBC}") = "01.StudentInformation", "StudentInformation\01.StudentInformation.csproj", "{61C8717A-F236-414C-802F-E34F6B11CB31}"
EndProject
Project("{FAE04EC0-301F-11D3-BF4B-00C04F79EFBC}") = "02.Passed", "Passed\02.Passed.csproj", "{441F2009-9A00-4B31-A3C4-825F7F9D6B61}"
EndProject
Project("{FAE04EC0-301F-11D3-BF4B-00C04F79EFBC}") = "03.PassedOrFailed", "PassedOrFailed\03.PassedOrFailed.csproj", "{F0CAD0E0-AD99-4978-91EC-556993FED6F5}"
EndProject
Project("{FAE04EC0-301F-11D3-BF4B-00C04F79EFBC}") = "04.BackIn30Minutes", "BackIn30Minutes\04.BackIn30Minutes.csproj", "{E09CDEF2-1848-43D1-B866-40BD83548D11}"
EndProject
Project("{FAE04EC0-301F-11D3-BF4B-00C04F79EFBC}") = "05.MonthPrinter", "MonthPrinter\05.MonthPrinter.csproj", "{783A5E37-1E69-4D7B-B665-4A0188989332}"
EndProject
Project("{FAE04EC0-301F-11D3-BF4B-00C04F79EFBC}") = "06.ForeignLanguages", "ForeignLanguages\06.ForeignLanguages.csproj", "{2DDACD16-94E0-498D-86DB-0D9E88F6998C}"
EndProject
Project("{FAE04EC0-301F-11D3-BF4B-00C04F79EFBC}") = "07.TheathrePromotion", "TheathrePromotion\07.TheathrePromotion.csproj", "{18512B51-2B43-46A5-823F-4A55052D0624}"
EndProject
Project("{FAE04EC0-301F-11D3-BF4B-00C04F79EFBC}") = "08.DivisibleBy3", "DivisibleBy3\08.DivisibleBy3.csproj", "{6DECDB3B-1641-4EC9-A9B3-48B0A56B25EA}"
EndProject
Project("{FAE04EC0-301F-11D3-BF4B-00C04F79EFBC}") = "09.SumOfOddNumbers", "SumOfOddNumbers\09.SumOfOddNumbers.csproj", "{43708D28-51F2-4520-9942-FB8A30BBC6EA}"
EndProject
Project("{FAE04EC0-301F-11D3-BF4B-00C04F79EFBC}") = "10.MultiplicationTable", "MultiplicationTable\10.MultiplicationTable.csproj", "{C68FC098-D103-4AD2-8F72-369050BC0239}"
EndProject
Project("{FAE04EC0-301F-11D3-BF4B-00C04F79EFBC}") = "11.MultiplicationTable2.0", "MultiplicationTable2.0\11.MultiplicationTable2.0.csproj", "{FB0F67FE-DB61-4756-BE80-E05291144E83}"
EndProject
Project("{FAE04EC0-301F-11D3-BF4B-00C04F79EFBC}") = "12.EvenNumber", "EvenNumber\12.EvenNumber.csproj", "{646405E5-4F23-4153-A73D-E4A2410217FF}"
EndProject
Project("{FAE04EC0-301F-11D3-BF4B-00C04F79EFBC}") = "13.HolidaysBetweenTwoDays", "HolidaysBetweenTwoDays\13.HolidaysBetweenTwoDays.csproj", "{26A806E6-59CC-4EB0-9ACB-1D44141BEE2C}"
EndProject
Global
	GlobalSection(SolutionConfigurationPlatforms) = preSolution
		Debug|Any CPU = Debug|Any CPU
		Release|Any CPU = Release|Any CPU
	EndGlobalSection
	GlobalSection(ProjectConfigurationPlatforms) = postSolution
		{61C8717A-F236-414C-802F-E34F6B11CB31}.Debug|Any CPU.ActiveCfg = Debug|Any CPU
		{61C8717A-F236-414C-802F-E34F6B11CB31}.Debug|Any CPU.Build.0 = Debug|Any CPU
		{61C8717A-F236-414C-802F-E34F6B11CB31}.Release|Any CPU.ActiveCfg = Release|Any CPU
		{61C8717A-F236-414C-802F-E34F6B11CB31}.Release|Any CPU.Build.0 = Release|Any CPU
		{441F2009-9A00-4B31-A3C4-825F7F9D6B61}.Debug|Any CPU.ActiveCfg = Debug|Any CPU
		{441F2009-9A00-4B31-A3C4-825F7F9D6B61}.Debug|Any CPU.Build.0 = Debug|Any CPU
		{441F2009-9A00-4B31-A3C4-825F7F9D6B61}.Release|Any CPU.ActiveCfg = Release|Any CPU
		{441F2009-9A00-4B31-A3C4-825F7F9D6B61}.Release|Any CPU.Build.0 = Release|Any CPU
		{F0CAD0E0-AD99-4978-91EC-556993FED6F5}.Debug|Any CPU.ActiveCfg = Debug|Any CPU
		{F0CAD0E0-AD99-4978-91EC-556993FED6F5}.Debug|Any CPU.Build.0 = Debug|Any CPU
		{F0CAD0E0-AD99-4978-91EC-556993FED6F5}.Release|Any CPU.ActiveCfg = Release|Any CPU
		{F0CAD0E0-AD99-4978-91EC-556993FED6F5}.Release|Any CPU.Build.0 = Release|Any CPU
		{E09CDEF2-1848-43D1-B866-40BD83548D11}.Debug|Any CPU.ActiveCfg = Debug|Any CPU
		{E09CDEF2-1848-43D1-B866-40BD83548D11}.Debug|Any CPU.Build.0 = Debug|Any CPU
		{E09CDEF2-1848-43D1-B866-40BD83548D11}.Release|Any CPU.ActiveCfg = Release|Any CPU
		{E09CDEF2-1848-43D1-B866-40BD83548D11}.Release|Any CPU.Build.0 = Release|Any CPU
		{783A5E37-1E69-4D7B-B665-4A0188989332}.Debug|Any CPU.ActiveCfg = Debug|Any CPU
		{783A5E37-1E69-4D7B-B665-4A0188989332}.Debug|Any CPU.Build.0 = Debug|Any CPU
		{783A5E37-1E69-4D7B-B665-4A0188989332}.Release|Any CPU.ActiveCfg = Release|Any CPU
		{783A5E37-1E69-4D7B-B665-4A0188989332}.Release|Any CPU.Build.0 = Release|Any CPU
		{2DDACD16-94E0-498D-86DB-0D9E88F6998C}.Debug|Any CPU.ActiveCfg = Debug|Any CPU
		{2DDACD16-94E0-498D-86DB-0D9E88F6998C}.Debug|Any CPU.Build.0 = Debug|Any CPU
		{2DDACD16-94E0-498D-86DB-0D9E88F6998C}.Release|Any CPU.ActiveCfg = Release|Any CPU
		{2DDACD16-94E0-498D-86DB-0D9E88F6998C}.Release|Any CPU.Build.0 = Release|Any CPU
		{18512B51-2B43-46A5-823F-4A55052D0624}.Debug|Any CPU.ActiveCfg = Debug|Any CPU
		{18512B51-2B43-46A5-823F-4A55052D0624}.Debug|Any CPU.Build.0 = Debug|Any CPU
		{18512B51-2B43-46A5-823F-4A55052D0624}.Release|Any CPU.ActiveCfg = Release|Any CPU
		{18512B51-2B43-46A5-823F-4A55052D0624}.Release|Any CPU.Build.0 = Release|Any CPU
		{6DECDB3B-1641-4EC9-A9B3-48B0A56B25EA}.Debug|Any CPU.ActiveCfg = Debug|Any CPU
		{6DECDB3B-1641-4EC9-A9B3-48B0A56B25EA}.Debug|Any CPU.Build.0 = Debug|Any CPU
		{6DECDB3B-1641-4EC9-A9B3-48B0A56B25EA}.Release|Any CPU.ActiveCfg = Release|Any CPU
		{6DECDB3B-1641-4EC9-A9B3-48B0A56B25EA}.Release|Any CPU.Build.0 = Release|Any CPU
		{43708D28-51F2-4520-9942-FB8A30BBC6EA}.Debug|Any CPU.ActiveCfg = Debug|Any CPU
		{43708D28-51F2-4520-9942-FB8A30BBC6EA}.Debug|Any CPU.Build.0 = Debug|Any CPU
		{43708D28-51F2-4520-9942-FB8A30BBC6EA}.Release|Any CPU.ActiveCfg = Release|Any CPU
		{43708D28-51F2-4520-9942-FB8A30BBC6EA}.Release|Any CPU.Build.0 = Release|Any CPU
		{C68FC098-D103-4AD2-8F72-369050BC0239}.Debug|Any CPU.ActiveCfg = Debug|Any CPU
		{C68FC098-D103-4AD2-8F72-369050BC0239}.Debug|Any CPU.Build.0 = Debug|Any CPU
		{C68FC098-D103-4AD2-8F72-369050BC0239}.Release|Any CPU.ActiveCfg = Release|Any CPU
		{C68FC098-D103-4AD2-8F72-369050BC0239}.Release|Any CPU.Build.0 = Release|Any CPU
		{FB0F67FE-DB61-4756-BE80-E05291144E83}.Debug|Any CPU.ActiveCfg = Debug|Any CPU
		{FB0F67FE-DB61-4756-BE80-E05291144E83}.Debug|Any CPU.Build.0 = Debug|Any CPU
		{FB0F67FE-DB61-4756-BE80-E05291144E83}.Release|Any CPU.ActiveCfg = Release|Any CPU
		{FB0F67FE-DB61-4756-BE80-E05291144E83}.Release|Any CPU.Build.0 = Release|Any CPU
		{646405E5-4F23-4153-A73D-E4A2410217FF}.Debug|Any CPU.ActiveCfg = Debug|Any CPU
		{646405E5-4F23-4153-A73D-E4A2410217FF}.Debug|Any CPU.Build.0 = Debug|Any CPU
		{646405E5-4F23-4153-A73D-E4A2410217FF}.Release|Any CPU.ActiveCfg = Release|Any CPU
		{646405E5-4F23-4153-A73D-E4A2410217FF}.Release|Any CPU.Build.0 = Release|Any CPU
		{26A806E6-59CC-4EB0-9ACB-1D44141BEE2C}.Debug|Any CPU.ActiveCfg = Debug|Any CPU
		{26A806E6-59CC-4EB0-9ACB-1D44141BEE2C}.Debug|Any CPU.Build.0 = Debug|Any CPU
		{26A806E6-59CC-4EB0-9ACB-1D44141BEE2C}.Release|Any CPU.ActiveCfg = Release|Any CPU
		{26A806E6-59CC-4EB0-9ACB-1D44141BEE2C}.Release|Any CPU.Build.0 = Release|Any CPU
	EndGlobalSection
	GlobalSection(SolutionProperties) = preSolution
		HideSolutionNode = FALSE
	EndGlobalSection
	GlobalSection(ExtensibilityGlobals) = postSolution
		SolutionGuid = {F0D33731-5CD3-4DAD-A97F-AB3019DB305D}
	EndGlobalSection
EndGlobal
