
Microsoft Visual Studio Solution File, Format Version 12.00
# Visual Studio 15
VisualStudioVersion = 15.0.28307.1705
MinimumVisualStudioVersion = 10.0.40219.1
Project("{9A19103F-16F7-4668-BE54-9A1E7A4F7556}") = "01.Furniture", "Furniture\01.Furniture.csproj", "{990C140B-838A-4463-986A-9A3D7844C918}"
EndProject
Project("{9A19103F-16F7-4668-BE54-9A1E7A4F7556}") = "02.Race", "Race\02.Race.csproj", "{6B9106BC-65E9-47A1-96FD-BE93FC87AA97}"
EndProject
Project("{9A19103F-16F7-4668-BE54-9A1E7A4F7556}") = "03.SoftUniBarIncome", "SoftUniBarIncome\03.SoftUniBarIncome.csproj", "{D0987B2C-BFDD-4410-9738-0424B0192736}"
EndProject
Project("{9A19103F-16F7-4668-BE54-9A1E7A4F7556}") = "04.StarEnigma", "StarEnigma\04.StarEnigma.csproj", "{19BBAF53-AB02-4ABB-BBF5-4214221126E2}"
EndProject
Project("{9A19103F-16F7-4668-BE54-9A1E7A4F7556}") = "05.NetherRealms", "NetherRealms\05.NetherRealms.csproj", "{C5B3B3D0-A108-4315-A378-CF4B1841DC28}"
EndProject
Project("{FAE04EC0-301F-11D3-BF4B-00C04F79EFBC}") = "06.ExtractEmails", "ExtractEmails\06.ExtractEmails.csproj", "{A18DFE98-B4EB-4FA2-BE74-49F5E23B602A}"
EndProject
Global
	GlobalSection(SolutionConfigurationPlatforms) = preSolution
		Debug|Any CPU = Debug|Any CPU
		Release|Any CPU = Release|Any CPU
	EndGlobalSection
	GlobalSection(ProjectConfigurationPlatforms) = postSolution
		{990C140B-838A-4463-986A-9A3D7844C918}.Debug|Any CPU.ActiveCfg = Debug|Any CPU
		{990C140B-838A-4463-986A-9A3D7844C918}.Debug|Any CPU.Build.0 = Debug|Any CPU
		{990C140B-838A-4463-986A-9A3D7844C918}.Release|Any CPU.ActiveCfg = Release|Any CPU
		{990C140B-838A-4463-986A-9A3D7844C918}.Release|Any CPU.Build.0 = Release|Any CPU
		{6B9106BC-65E9-47A1-96FD-BE93FC87AA97}.Debug|Any CPU.ActiveCfg = Debug|Any CPU
		{6B9106BC-65E9-47A1-96FD-BE93FC87AA97}.Debug|Any CPU.Build.0 = Debug|Any CPU
		{6B9106BC-65E9-47A1-96FD-BE93FC87AA97}.Release|Any CPU.ActiveCfg = Release|Any CPU
		{6B9106BC-65E9-47A1-96FD-BE93FC87AA97}.Release|Any CPU.Build.0 = Release|Any CPU
		{D0987B2C-BFDD-4410-9738-0424B0192736}.Debug|Any CPU.ActiveCfg = Debug|Any CPU
		{D0987B2C-BFDD-4410-9738-0424B0192736}.Debug|Any CPU.Build.0 = Debug|Any CPU
		{D0987B2C-BFDD-4410-9738-0424B0192736}.Release|Any CPU.ActiveCfg = Release|Any CPU
		{D0987B2C-BFDD-4410-9738-0424B0192736}.Release|Any CPU.Build.0 = Release|Any CPU
		{19BBAF53-AB02-4ABB-BBF5-4214221126E2}.Debug|Any CPU.ActiveCfg = Debug|Any CPU
		{19BBAF53-AB02-4ABB-BBF5-4214221126E2}.Debug|Any CPU.Build.0 = Debug|Any CPU
		{19BBAF53-AB02-4ABB-BBF5-4214221126E2}.Release|Any CPU.ActiveCfg = Release|Any CPU
		{19BBAF53-AB02-4ABB-BBF5-4214221126E2}.Release|Any CPU.Build.0 = Release|Any CPU
		{C5B3B3D0-A108-4315-A378-CF4B1841DC28}.Debug|Any CPU.ActiveCfg = Debug|Any CPU
		{C5B3B3D0-A108-4315-A378-CF4B1841DC28}.Debug|Any CPU.Build.0 = Debug|Any CPU
		{C5B3B3D0-A108-4315-A378-CF4B1841DC28}.Release|Any CPU.ActiveCfg = Release|Any CPU
		{C5B3B3D0-A108-4315-A378-CF4B1841DC28}.Release|Any CPU.Build.0 = Release|Any CPU
		{A18DFE98-B4EB-4FA2-BE74-49F5E23B602A}.Debug|Any CPU.ActiveCfg = Debug|Any CPU
		{A18DFE98-B4EB-4FA2-BE74-49F5E23B602A}.Debug|Any CPU.Build.0 = Debug|Any CPU
		{A18DFE98-B4EB-4FA2-BE74-49F5E23B602A}.Release|Any CPU.ActiveCfg = Release|Any CPU
		{A18DFE98-B4EB-4FA2-BE74-49F5E23B602A}.Release|Any CPU.Build.0 = Release|Any CPU
	EndGlobalSection
	GlobalSection(SolutionProperties) = preSolution
		HideSolutionNode = FALSE
	EndGlobalSection
	GlobalSection(ExtensibilityGlobals) = postSolution
		SolutionGuid = {913B42D9-C126-4F2B-923C-1F2F6CAFDE96}
	EndGlobalSection
EndGlobal
