
Microsoft Visual Studio Solution File, Format Version 12.00
# Visual Studio 15
VisualStudioVersion = 15.0.28307.1705
MinimumVisualStudioVersion = 10.0.40219.1
Project("{FAE04EC0-301F-11D3-BF4B-00C04F79EFBC}") = "01.DataTypeFinder", "DataTypeFinder\01.DataTypeFinder.csproj", "{C85E78B4-A682-41F7-A48A-FC774FD4774A}"
EndProject
Project("{FAE04EC0-301F-11D3-BF4B-00C04F79EFBC}") = "02.FromLeftToRight", "FromLeftToRight\02.FromLeftToRight.csproj", "{CAECBCB0-6D32-40F2-A60E-3CC20F6F8796}"
EndProject
Project("{FAE04EC0-301F-11D3-BF4B-00C04F79EFBC}") = "03.FloatingEquality", "FloatingEquality\03.FloatingEquality.csproj", "{0D9C1FF2-F995-4BC0-B45A-87C7E3F84611}"
EndProject
Project("{FAE04EC0-301F-11D3-BF4B-00C04F79EFBC}") = "04.RefactoringPrimeChecker", "RefactoringPrimeChecker\04.RefactoringPrimeChecker.csproj", "{9156FDDA-1B59-40B1-AFC9-2A0778642ECB}"
EndProject
Project("{FAE04EC0-301F-11D3-BF4B-00C04F79EFBC}") = "05.DecryptingMessage", "DecryptingMessage\05.DecryptingMessage.csproj", "{FBA54D10-EB37-4AD9-81F2-9A7155F3BEEF}"
EndProject
Project("{FAE04EC0-301F-11D3-BF4B-00C04F79EFBC}") = "06.BalancedBrackets", "BalanedBrackets\06.BalancedBrackets.csproj", "{20D539D0-8198-4FBB-A2DC-2DE6704E37CF}"
EndProject
Global
	GlobalSection(SolutionConfigurationPlatforms) = preSolution
		Debug|Any CPU = Debug|Any CPU
		Release|Any CPU = Release|Any CPU
	EndGlobalSection
	GlobalSection(ProjectConfigurationPlatforms) = postSolution
		{C85E78B4-A682-41F7-A48A-FC774FD4774A}.Debug|Any CPU.ActiveCfg = Debug|Any CPU
		{C85E78B4-A682-41F7-A48A-FC774FD4774A}.Debug|Any CPU.Build.0 = Debug|Any CPU
		{C85E78B4-A682-41F7-A48A-FC774FD4774A}.Release|Any CPU.ActiveCfg = Release|Any CPU
		{C85E78B4-A682-41F7-A48A-FC774FD4774A}.Release|Any CPU.Build.0 = Release|Any CPU
		{CAECBCB0-6D32-40F2-A60E-3CC20F6F8796}.Debug|Any CPU.ActiveCfg = Debug|Any CPU
		{CAECBCB0-6D32-40F2-A60E-3CC20F6F8796}.Debug|Any CPU.Build.0 = Debug|Any CPU
		{CAECBCB0-6D32-40F2-A60E-3CC20F6F8796}.Release|Any CPU.ActiveCfg = Release|Any CPU
		{CAECBCB0-6D32-40F2-A60E-3CC20F6F8796}.Release|Any CPU.Build.0 = Release|Any CPU
		{0D9C1FF2-F995-4BC0-B45A-87C7E3F84611}.Debug|Any CPU.ActiveCfg = Debug|Any CPU
		{0D9C1FF2-F995-4BC0-B45A-87C7E3F84611}.Debug|Any CPU.Build.0 = Debug|Any CPU
		{0D9C1FF2-F995-4BC0-B45A-87C7E3F84611}.Release|Any CPU.ActiveCfg = Release|Any CPU
		{0D9C1FF2-F995-4BC0-B45A-87C7E3F84611}.Release|Any CPU.Build.0 = Release|Any CPU
		{9156FDDA-1B59-40B1-AFC9-2A0778642ECB}.Debug|Any CPU.ActiveCfg = Debug|Any CPU
		{9156FDDA-1B59-40B1-AFC9-2A0778642ECB}.Debug|Any CPU.Build.0 = Debug|Any CPU
		{9156FDDA-1B59-40B1-AFC9-2A0778642ECB}.Release|Any CPU.ActiveCfg = Release|Any CPU
		{9156FDDA-1B59-40B1-AFC9-2A0778642ECB}.Release|Any CPU.Build.0 = Release|Any CPU
		{FBA54D10-EB37-4AD9-81F2-9A7155F3BEEF}.Debug|Any CPU.ActiveCfg = Debug|Any CPU
		{FBA54D10-EB37-4AD9-81F2-9A7155F3BEEF}.Debug|Any CPU.Build.0 = Debug|Any CPU
		{FBA54D10-EB37-4AD9-81F2-9A7155F3BEEF}.Release|Any CPU.ActiveCfg = Release|Any CPU
		{FBA54D10-EB37-4AD9-81F2-9A7155F3BEEF}.Release|Any CPU.Build.0 = Release|Any CPU
		{20D539D0-8198-4FBB-A2DC-2DE6704E37CF}.Debug|Any CPU.ActiveCfg = Debug|Any CPU
		{20D539D0-8198-4FBB-A2DC-2DE6704E37CF}.Debug|Any CPU.Build.0 = Debug|Any CPU
		{20D539D0-8198-4FBB-A2DC-2DE6704E37CF}.Release|Any CPU.ActiveCfg = Release|Any CPU
		{20D539D0-8198-4FBB-A2DC-2DE6704E37CF}.Release|Any CPU.Build.0 = Release|Any CPU
	EndGlobalSection
	GlobalSection(SolutionProperties) = preSolution
		HideSolutionNode = FALSE
	EndGlobalSection
	GlobalSection(ExtensibilityGlobals) = postSolution
		SolutionGuid = {8D0214EE-3FB4-4E18-97AD-F2667DA8E92D}
	EndGlobalSection
EndGlobal
