
Microsoft Visual Studio Solution File, Format Version 12.00
# Visual Studio Version 17
VisualStudioVersion = 17.1.32407.343
MinimumVisualStudioVersion = 10.0.40219.1
Project("{FAE04EC0-301F-11D3-BF4B-00C04F79EFBC}") = "01.Ages", "Ages\01.Ages.csproj", "{F6B6AB1D-1F0F-40E0-915E-138F92B3BA69}"
EndProject
Project("{FAE04EC0-301F-11D3-BF4B-00C04F79EFBC}") = "02.Division", "Division\02.Division.csproj", "{13EFF6C0-D71E-400D-8F22-9ADD7DACACBA}"
EndProject
Project("{FAE04EC0-301F-11D3-BF4B-00C04F79EFBC}") = "03.Vacation", "Vacation\03.Vacation.csproj", "{D570D8CA-51F1-4A18-A9B2-4E94338DA4E5}"
EndProject
Project("{FAE04EC0-301F-11D3-BF4B-00C04F79EFBC}") = "04.PrintAndSum", "PrintAndSum\04.PrintAndSum.csproj", "{CAB94F1F-5B7C-44F1-8801-D48A19A83D79}"
EndProject
Project("{FAE04EC0-301F-11D3-BF4B-00C04F79EFBC}") = "05.Login", "Login\05.Login.csproj", "{8B30A110-5100-4770-96AA-20E812957C00}"
EndProject
Project("{FAE04EC0-301F-11D3-BF4B-00C04F79EFBC}") = "06.StrongNumber", "StrongNumber\06.StrongNumber.csproj", "{6DF4DC5D-6BD7-4FEA-854A-A444361FB101}"
EndProject
Project("{FAE04EC0-301F-11D3-BF4B-00C04F79EFBC}") = "07.VendingMachine", "VendingMachine\07.VendingMachine.csproj", "{E6B1F755-3983-45B2-B904-C5B4827A42D0}"
EndProject
Project("{FAE04EC0-301F-11D3-BF4B-00C04F79EFBC}") = "08.TriangleNumbers", "TriangleNumbers\08.TriangleNumbers.csproj", "{1560C0EB-39A9-4233-AEC7-9ACCA6C66ACC}"
EndProject
Project("{FAE04EC0-301F-11D3-BF4B-00C04F79EFBC}") = "09.PadawanEquipment", "PadawanEquipment\09.PadawanEquipment.csproj", "{C4D29580-9F5E-4452-862C-ADB93D9AF4DA}"
EndProject
Project("{FAE04EC0-301F-11D3-BF4B-00C04F79EFBC}") = "10.RageExpenses", "RageExpenses\10.RageExpenses.csproj", "{D2867441-73A3-4350-A282-D521795BA153}"
EndProject
Project("{FAE04EC0-301F-11D3-BF4B-00C04F79EFBC}") = "11.Orders", "Orders\11.Orders.csproj", "{9C9916BA-DD2B-4FC9-8614-59DE49669830}"
EndProject
Global
	GlobalSection(SolutionConfigurationPlatforms) = preSolution
		Debug|Any CPU = Debug|Any CPU
		Release|Any CPU = Release|Any CPU
	EndGlobalSection
	GlobalSection(ProjectConfigurationPlatforms) = postSolution
		{F6B6AB1D-1F0F-40E0-915E-138F92B3BA69}.Debug|Any CPU.ActiveCfg = Debug|Any CPU
		{F6B6AB1D-1F0F-40E0-915E-138F92B3BA69}.Debug|Any CPU.Build.0 = Debug|Any CPU
		{F6B6AB1D-1F0F-40E0-915E-138F92B3BA69}.Release|Any CPU.ActiveCfg = Release|Any CPU
		{F6B6AB1D-1F0F-40E0-915E-138F92B3BA69}.Release|Any CPU.Build.0 = Release|Any CPU
		{13EFF6C0-D71E-400D-8F22-9ADD7DACACBA}.Debug|Any CPU.ActiveCfg = Debug|Any CPU
		{13EFF6C0-D71E-400D-8F22-9ADD7DACACBA}.Debug|Any CPU.Build.0 = Debug|Any CPU
		{13EFF6C0-D71E-400D-8F22-9ADD7DACACBA}.Release|Any CPU.ActiveCfg = Release|Any CPU
		{13EFF6C0-D71E-400D-8F22-9ADD7DACACBA}.Release|Any CPU.Build.0 = Release|Any CPU
		{D570D8CA-51F1-4A18-A9B2-4E94338DA4E5}.Debug|Any CPU.ActiveCfg = Debug|Any CPU
		{D570D8CA-51F1-4A18-A9B2-4E94338DA4E5}.Debug|Any CPU.Build.0 = Debug|Any CPU
		{D570D8CA-51F1-4A18-A9B2-4E94338DA4E5}.Release|Any CPU.ActiveCfg = Release|Any CPU
		{D570D8CA-51F1-4A18-A9B2-4E94338DA4E5}.Release|Any CPU.Build.0 = Release|Any CPU
		{CAB94F1F-5B7C-44F1-8801-D48A19A83D79}.Debug|Any CPU.ActiveCfg = Debug|Any CPU
		{CAB94F1F-5B7C-44F1-8801-D48A19A83D79}.Debug|Any CPU.Build.0 = Debug|Any CPU
		{CAB94F1F-5B7C-44F1-8801-D48A19A83D79}.Release|Any CPU.ActiveCfg = Release|Any CPU
		{CAB94F1F-5B7C-44F1-8801-D48A19A83D79}.Release|Any CPU.Build.0 = Release|Any CPU
		{8B30A110-5100-4770-96AA-20E812957C00}.Debug|Any CPU.ActiveCfg = Debug|Any CPU
		{8B30A110-5100-4770-96AA-20E812957C00}.Debug|Any CPU.Build.0 = Debug|Any CPU
		{8B30A110-5100-4770-96AA-20E812957C00}.Release|Any CPU.ActiveCfg = Release|Any CPU
		{8B30A110-5100-4770-96AA-20E812957C00}.Release|Any CPU.Build.0 = Release|Any CPU
		{6DF4DC5D-6BD7-4FEA-854A-A444361FB101}.Debug|Any CPU.ActiveCfg = Debug|Any CPU
		{6DF4DC5D-6BD7-4FEA-854A-A444361FB101}.Debug|Any CPU.Build.0 = Debug|Any CPU
		{6DF4DC5D-6BD7-4FEA-854A-A444361FB101}.Release|Any CPU.ActiveCfg = Release|Any CPU
		{6DF4DC5D-6BD7-4FEA-854A-A444361FB101}.Release|Any CPU.Build.0 = Release|Any CPU
		{E6B1F755-3983-45B2-B904-C5B4827A42D0}.Debug|Any CPU.ActiveCfg = Debug|Any CPU
		{E6B1F755-3983-45B2-B904-C5B4827A42D0}.Debug|Any CPU.Build.0 = Debug|Any CPU
		{E6B1F755-3983-45B2-B904-C5B4827A42D0}.Release|Any CPU.ActiveCfg = Release|Any CPU
		{E6B1F755-3983-45B2-B904-C5B4827A42D0}.Release|Any CPU.Build.0 = Release|Any CPU
		{1560C0EB-39A9-4233-AEC7-9ACCA6C66ACC}.Debug|Any CPU.ActiveCfg = Debug|Any CPU
		{1560C0EB-39A9-4233-AEC7-9ACCA6C66ACC}.Debug|Any CPU.Build.0 = Debug|Any CPU
		{1560C0EB-39A9-4233-AEC7-9ACCA6C66ACC}.Release|Any CPU.ActiveCfg = Release|Any CPU
		{1560C0EB-39A9-4233-AEC7-9ACCA6C66ACC}.Release|Any CPU.Build.0 = Release|Any CPU
		{C4D29580-9F5E-4452-862C-ADB93D9AF4DA}.Debug|Any CPU.ActiveCfg = Debug|Any CPU
		{C4D29580-9F5E-4452-862C-ADB93D9AF4DA}.Debug|Any CPU.Build.0 = Debug|Any CPU
		{C4D29580-9F5E-4452-862C-ADB93D9AF4DA}.Release|Any CPU.ActiveCfg = Release|Any CPU
		{C4D29580-9F5E-4452-862C-ADB93D9AF4DA}.Release|Any CPU.Build.0 = Release|Any CPU
		{D2867441-73A3-4350-A282-D521795BA153}.Debug|Any CPU.ActiveCfg = Debug|Any CPU
		{D2867441-73A3-4350-A282-D521795BA153}.Debug|Any CPU.Build.0 = Debug|Any CPU
		{D2867441-73A3-4350-A282-D521795BA153}.Release|Any CPU.ActiveCfg = Release|Any CPU
		{D2867441-73A3-4350-A282-D521795BA153}.Release|Any CPU.Build.0 = Release|Any CPU
		{9C9916BA-DD2B-4FC9-8614-59DE49669830}.Debug|Any CPU.ActiveCfg = Debug|Any CPU
		{9C9916BA-DD2B-4FC9-8614-59DE49669830}.Debug|Any CPU.Build.0 = Debug|Any CPU
		{9C9916BA-DD2B-4FC9-8614-59DE49669830}.Release|Any CPU.ActiveCfg = Release|Any CPU
		{9C9916BA-DD2B-4FC9-8614-59DE49669830}.Release|Any CPU.Build.0 = Release|Any CPU
	EndGlobalSection
	GlobalSection(SolutionProperties) = preSolution
		HideSolutionNode = FALSE
	EndGlobalSection
	GlobalSection(ExtensibilityGlobals) = postSolution
		SolutionGuid = {C800FFAF-8264-4C4C-B7FC-7648CFC10C16}
	EndGlobalSection
EndGlobal
