
Microsoft Visual Studio Solution File, Format Version 12.00
# Visual Studio 15
VisualStudioVersion = 15.0.28307.1705
MinimumVisualStudioVersion = 10.0.40219.1
Project("{FAE04EC0-301F-11D3-BF4B-00C04F79EFBC}") = "01.DataTypes", "DataTypes\01.DataTypes.csproj", "{A999410F-CD54-4B35-B681-692EA7471621}"
EndProject
Project("{FAE04EC0-301F-11D3-BF4B-00C04F79EFBC}") = "02.CenterPoint", "CenterPoint\02.CenterPoint.csproj", "{D11EB24A-0841-450F-BDF2-F4E38C09E409}"
EndProject
Project("{FAE04EC0-301F-11D3-BF4B-00C04F79EFBC}") = "03.LongerLine", "LongerLine\03.LongerLine.csproj", "{75214E17-E243-4E69-87F4-0E9DB377F4FB}"
EndProject
Project("{FAE04EC0-301F-11D3-BF4B-00C04F79EFBC}") = "05.MultiplicationSign", "MultiplicationSign\05.MultiplicationSign.csproj", "{E855DC62-F7BF-43E3-9B85-B8C53B7BFF9F}"
EndProject
Project("{FAE04EC0-301F-11D3-BF4B-00C04F79EFBC}") = "04.TribonacciSequence", "TribonacciSequence\04.TribonacciSequence.csproj", "{485002CC-A48C-41B7-A376-C6567CC92FB6}"
EndProject
Global
	GlobalSection(SolutionConfigurationPlatforms) = preSolution
		Debug|Any CPU = Debug|Any CPU
		Release|Any CPU = Release|Any CPU
	EndGlobalSection
	GlobalSection(ProjectConfigurationPlatforms) = postSolution
		{A999410F-CD54-4B35-B681-692EA7471621}.Debug|Any CPU.ActiveCfg = Debug|Any CPU
		{A999410F-CD54-4B35-B681-692EA7471621}.Debug|Any CPU.Build.0 = Debug|Any CPU
		{A999410F-CD54-4B35-B681-692EA7471621}.Release|Any CPU.ActiveCfg = Release|Any CPU
		{A999410F-CD54-4B35-B681-692EA7471621}.Release|Any CPU.Build.0 = Release|Any CPU
		{D11EB24A-0841-450F-BDF2-F4E38C09E409}.Debug|Any CPU.ActiveCfg = Debug|Any CPU
		{D11EB24A-0841-450F-BDF2-F4E38C09E409}.Debug|Any CPU.Build.0 = Debug|Any CPU
		{D11EB24A-0841-450F-BDF2-F4E38C09E409}.Release|Any CPU.ActiveCfg = Release|Any CPU
		{D11EB24A-0841-450F-BDF2-F4E38C09E409}.Release|Any CPU.Build.0 = Release|Any CPU
		{75214E17-E243-4E69-87F4-0E9DB377F4FB}.Debug|Any CPU.ActiveCfg = Debug|Any CPU
		{75214E17-E243-4E69-87F4-0E9DB377F4FB}.Debug|Any CPU.Build.0 = Debug|Any CPU
		{75214E17-E243-4E69-87F4-0E9DB377F4FB}.Release|Any CPU.ActiveCfg = Release|Any CPU
		{75214E17-E243-4E69-87F4-0E9DB377F4FB}.Release|Any CPU.Build.0 = Release|Any CPU
		{E855DC62-F7BF-43E3-9B85-B8C53B7BFF9F}.Debug|Any CPU.ActiveCfg = Debug|Any CPU
		{E855DC62-F7BF-43E3-9B85-B8C53B7BFF9F}.Debug|Any CPU.Build.0 = Debug|Any CPU
		{E855DC62-F7BF-43E3-9B85-B8C53B7BFF9F}.Release|Any CPU.ActiveCfg = Release|Any CPU
		{E855DC62-F7BF-43E3-9B85-B8C53B7BFF9F}.Release|Any CPU.Build.0 = Release|Any CPU
		{485002CC-A48C-41B7-A376-C6567CC92FB6}.Debug|Any CPU.ActiveCfg = Debug|Any CPU
		{485002CC-A48C-41B7-A376-C6567CC92FB6}.Debug|Any CPU.Build.0 = Debug|Any CPU
		{485002CC-A48C-41B7-A376-C6567CC92FB6}.Release|Any CPU.ActiveCfg = Release|Any CPU
		{485002CC-A48C-41B7-A376-C6567CC92FB6}.Release|Any CPU.Build.0 = Release|Any CPU
	EndGlobalSection
	GlobalSection(SolutionProperties) = preSolution
		HideSolutionNode = FALSE
	EndGlobalSection
	GlobalSection(ExtensibilityGlobals) = postSolution
		SolutionGuid = {573E40B6-2A53-4D5B-8B21-12A7C174C846}
	EndGlobalSection
EndGlobal
