
Microsoft Visual Studio Solution File, Format Version 12.00
# Visual Studio 15
VisualStudioVersion = 15.0.28307.1082
MinimumVisualStudioVersion = 10.0.40219.1
Project("{FAE04EC0-301F-11D3-BF4B-00C04F79EFBC}") = "01.SortNumber", "SortNumber\01.SortNumber.csproj", "{8E155365-74E0-4C64-B73E-FAEEE8E8B752}"
EndProject
Project("{FAE04EC0-301F-11D3-BF4B-00C04F79EFBC}") = "02.EnglishNameOfLastDigit", "EnglishNameOfLastDigit\02.EnglishNameOfLastDigit.csproj", "{B1772AE3-12AB-4CE4-AAC0-B53447257530}"
EndProject
Project("{FAE04EC0-301F-11D3-BF4B-00C04F79EFBC}") = "03.GamingStore", "GamingStore\03.GamingStore.csproj", "{94D3DA43-4C75-44D2-A4AE-83AC8ACF008B}"
EndProject
Project("{FAE04EC0-301F-11D3-BF4B-00C04F79EFBC}") = "04.ReverseString", "ReverseString\04.ReverseString.csproj", "{AF37AC72-DE06-46C7-BD80-F74730F769C1}"
EndProject
Project("{FAE04EC0-301F-11D3-BF4B-00C04F79EFBC}") = "05.Messages", "Messages\05.Messages.csproj", "{69FC191F-E00C-4772-A846-64E7E42D5394}"
EndProject
Global
	GlobalSection(SolutionConfigurationPlatforms) = preSolution
		Debug|Any CPU = Debug|Any CPU
		Release|Any CPU = Release|Any CPU
	EndGlobalSection
	GlobalSection(ProjectConfigurationPlatforms) = postSolution
		{8E155365-74E0-4C64-B73E-FAEEE8E8B752}.Debug|Any CPU.ActiveCfg = Debug|Any CPU
		{8E155365-74E0-4C64-B73E-FAEEE8E8B752}.Debug|Any CPU.Build.0 = Debug|Any CPU
		{8E155365-74E0-4C64-B73E-FAEEE8E8B752}.Release|Any CPU.ActiveCfg = Release|Any CPU
		{8E155365-74E0-4C64-B73E-FAEEE8E8B752}.Release|Any CPU.Build.0 = Release|Any CPU
		{B1772AE3-12AB-4CE4-AAC0-B53447257530}.Debug|Any CPU.ActiveCfg = Debug|Any CPU
		{B1772AE3-12AB-4CE4-AAC0-B53447257530}.Debug|Any CPU.Build.0 = Debug|Any CPU
		{B1772AE3-12AB-4CE4-AAC0-B53447257530}.Release|Any CPU.ActiveCfg = Release|Any CPU
		{B1772AE3-12AB-4CE4-AAC0-B53447257530}.Release|Any CPU.Build.0 = Release|Any CPU
		{94D3DA43-4C75-44D2-A4AE-83AC8ACF008B}.Debug|Any CPU.ActiveCfg = Debug|Any CPU
		{94D3DA43-4C75-44D2-A4AE-83AC8ACF008B}.Debug|Any CPU.Build.0 = Debug|Any CPU
		{94D3DA43-4C75-44D2-A4AE-83AC8ACF008B}.Release|Any CPU.ActiveCfg = Release|Any CPU
		{94D3DA43-4C75-44D2-A4AE-83AC8ACF008B}.Release|Any CPU.Build.0 = Release|Any CPU
		{AF37AC72-DE06-46C7-BD80-F74730F769C1}.Debug|Any CPU.ActiveCfg = Debug|Any CPU
		{AF37AC72-DE06-46C7-BD80-F74730F769C1}.Debug|Any CPU.Build.0 = Debug|Any CPU
		{AF37AC72-DE06-46C7-BD80-F74730F769C1}.Release|Any CPU.ActiveCfg = Release|Any CPU
		{AF37AC72-DE06-46C7-BD80-F74730F769C1}.Release|Any CPU.Build.0 = Release|Any CPU
		{69FC191F-E00C-4772-A846-64E7E42D5394}.Debug|Any CPU.ActiveCfg = Debug|Any CPU
		{69FC191F-E00C-4772-A846-64E7E42D5394}.Debug|Any CPU.Build.0 = Debug|Any CPU
		{69FC191F-E00C-4772-A846-64E7E42D5394}.Release|Any CPU.ActiveCfg = Release|Any CPU
		{69FC191F-E00C-4772-A846-64E7E42D5394}.Release|Any CPU.Build.0 = Release|Any CPU
	EndGlobalSection
	GlobalSection(SolutionProperties) = preSolution
		HideSolutionNode = FALSE
	EndGlobalSection
	GlobalSection(ExtensibilityGlobals) = postSolution
		SolutionGuid = {649003FB-5098-4F3D-B676-5D535698AC1C}
	EndGlobalSection
EndGlobal
