
Microsoft Visual Studio Solution File, Format Version 12.00
# Visual Studio 15
VisualStudioVersion = 15.0.28307.1082
MinimumVisualStudioVersion = 10.0.40219.1
Project("{FAE04EC0-301F-11D3-BF4B-00C04F79EFBC}") = "01.ConvertMetersToKilometers", "ConvertMetersToKilometers\01.ConvertMetersToKilometers.csproj", "{EBB5C3F0-01F7-4099-BA38-A2764CBFE9A0}"
EndProject
Project("{FAE04EC0-301F-11D3-BF4B-00C04F79EFBC}") = "02.PoundsToDollars", "PoundsToDollars\02.PoundsToDollars.csproj", "{D34885B3-64F9-4816-89F8-C9A14EF904DC}"
EndProject
Project("{FAE04EC0-301F-11D3-BF4B-00C04F79EFBC}") = "03.ExactSumOfRealNumbers", "ExactSumOfRealNumbers\03.ExactSumOfRealNumbers.csproj", "{3805614B-89FC-4BE0-805C-D4C74A8EE189}"
EndProject
Project("{FAE04EC0-301F-11D3-BF4B-00C04F79EFBC}") = "04.CenturiesToMinutes", "CenturiesToMinutes\04.CenturiesToMinutes.csproj", "{FD635BAA-C7D5-469C-AF22-6F268E0EAB4B}"
EndProject
Project("{FAE04EC0-301F-11D3-BF4B-00C04F79EFBC}") = "05.SpecialNumbers", "SpecialNumbers\05.SpecialNumbers.csproj", "{1DDAD02B-7990-4802-AD67-43E5330C85AC}"
EndProject
Project("{FAE04EC0-301F-11D3-BF4B-00C04F79EFBC}") = "06.ReversedChars", "ReversedChars\06.ReversedChars.csproj", "{6B4CFA37-8C8A-4B9F-9BE6-753B3500844D}"
EndProject
Project("{FAE04EC0-301F-11D3-BF4B-00C04F79EFBC}") = "07.ConcatNames", "ConcatNames\07.ConcatNames.csproj", "{A11F5AC0-9C9A-4789-BCD0-BC113C3F5806}"
EndProject
Project("{FAE04EC0-301F-11D3-BF4B-00C04F79EFBC}") = "08.TownInfo", "TownInfo\08.TownInfo.csproj", "{796AD986-09FA-45D5-84A5-5D5E6F3DEE76}"
EndProject
Project("{FAE04EC0-301F-11D3-BF4B-00C04F79EFBC}") = "09.CharsToString", "CharsToString\09.CharsToString.csproj", "{0B1CF6F2-73F7-4E77-81F5-82A56082E970}"
EndProject
Project("{FAE04EC0-301F-11D3-BF4B-00C04F79EFBC}") = "10.LowerToUpper", "LowerToUpper\10.LowerToUpper.csproj", "{B264CA06-FA06-4DE4-8B8F-7AD463D51D8B}"
EndProject
Project("{FAE04EC0-301F-11D3-BF4B-00C04F79EFBC}") = "11.RefactorVolumeOfPyramid", "RefactorVolumeOfPyramid\11.RefactorVolumeOfPyramid.csproj", "{C804E11C-90FF-4D07-93BC-5A1BE7DB48ED}"
EndProject
Project("{FAE04EC0-301F-11D3-BF4B-00C04F79EFBC}") = "12.RefactorSpecialNumbers", "RefactorSpecialNumbers\12.RefactorSpecialNumbers.csproj", "{5008877A-9354-41DE-B378-DF96FB8EC7DF}"
EndProject
Global
	GlobalSection(SolutionConfigurationPlatforms) = preSolution
		Debug|Any CPU = Debug|Any CPU
		Release|Any CPU = Release|Any CPU
	EndGlobalSection
	GlobalSection(ProjectConfigurationPlatforms) = postSolution
		{EBB5C3F0-01F7-4099-BA38-A2764CBFE9A0}.Debug|Any CPU.ActiveCfg = Debug|Any CPU
		{EBB5C3F0-01F7-4099-BA38-A2764CBFE9A0}.Debug|Any CPU.Build.0 = Debug|Any CPU
		{EBB5C3F0-01F7-4099-BA38-A2764CBFE9A0}.Release|Any CPU.ActiveCfg = Release|Any CPU
		{EBB5C3F0-01F7-4099-BA38-A2764CBFE9A0}.Release|Any CPU.Build.0 = Release|Any CPU
		{D34885B3-64F9-4816-89F8-C9A14EF904DC}.Debug|Any CPU.ActiveCfg = Debug|Any CPU
		{D34885B3-64F9-4816-89F8-C9A14EF904DC}.Debug|Any CPU.Build.0 = Debug|Any CPU
		{D34885B3-64F9-4816-89F8-C9A14EF904DC}.Release|Any CPU.ActiveCfg = Release|Any CPU
		{D34885B3-64F9-4816-89F8-C9A14EF904DC}.Release|Any CPU.Build.0 = Release|Any CPU
		{3805614B-89FC-4BE0-805C-D4C74A8EE189}.Debug|Any CPU.ActiveCfg = Debug|Any CPU
		{3805614B-89FC-4BE0-805C-D4C74A8EE189}.Debug|Any CPU.Build.0 = Debug|Any CPU
		{3805614B-89FC-4BE0-805C-D4C74A8EE189}.Release|Any CPU.ActiveCfg = Release|Any CPU
		{3805614B-89FC-4BE0-805C-D4C74A8EE189}.Release|Any CPU.Build.0 = Release|Any CPU
		{FD635BAA-C7D5-469C-AF22-6F268E0EAB4B}.Debug|Any CPU.ActiveCfg = Debug|Any CPU
		{FD635BAA-C7D5-469C-AF22-6F268E0EAB4B}.Debug|Any CPU.Build.0 = Debug|Any CPU
		{FD635BAA-C7D5-469C-AF22-6F268E0EAB4B}.Release|Any CPU.ActiveCfg = Release|Any CPU
		{FD635BAA-C7D5-469C-AF22-6F268E0EAB4B}.Release|Any CPU.Build.0 = Release|Any CPU
		{1DDAD02B-7990-4802-AD67-43E5330C85AC}.Debug|Any CPU.ActiveCfg = Debug|Any CPU
		{1DDAD02B-7990-4802-AD67-43E5330C85AC}.Debug|Any CPU.Build.0 = Debug|Any CPU
		{1DDAD02B-7990-4802-AD67-43E5330C85AC}.Release|Any CPU.ActiveCfg = Release|Any CPU
		{1DDAD02B-7990-4802-AD67-43E5330C85AC}.Release|Any CPU.Build.0 = Release|Any CPU
		{6B4CFA37-8C8A-4B9F-9BE6-753B3500844D}.Debug|Any CPU.ActiveCfg = Debug|Any CPU
		{6B4CFA37-8C8A-4B9F-9BE6-753B3500844D}.Debug|Any CPU.Build.0 = Debug|Any CPU
		{6B4CFA37-8C8A-4B9F-9BE6-753B3500844D}.Release|Any CPU.ActiveCfg = Release|Any CPU
		{6B4CFA37-8C8A-4B9F-9BE6-753B3500844D}.Release|Any CPU.Build.0 = Release|Any CPU
		{A11F5AC0-9C9A-4789-BCD0-BC113C3F5806}.Debug|Any CPU.ActiveCfg = Debug|Any CPU
		{A11F5AC0-9C9A-4789-BCD0-BC113C3F5806}.Debug|Any CPU.Build.0 = Debug|Any CPU
		{A11F5AC0-9C9A-4789-BCD0-BC113C3F5806}.Release|Any CPU.ActiveCfg = Release|Any CPU
		{A11F5AC0-9C9A-4789-BCD0-BC113C3F5806}.Release|Any CPU.Build.0 = Release|Any CPU
		{796AD986-09FA-45D5-84A5-5D5E6F3DEE76}.Debug|Any CPU.ActiveCfg = Debug|Any CPU
		{796AD986-09FA-45D5-84A5-5D5E6F3DEE76}.Debug|Any CPU.Build.0 = Debug|Any CPU
		{796AD986-09FA-45D5-84A5-5D5E6F3DEE76}.Release|Any CPU.ActiveCfg = Release|Any CPU
		{796AD986-09FA-45D5-84A5-5D5E6F3DEE76}.Release|Any CPU.Build.0 = Release|Any CPU
		{0B1CF6F2-73F7-4E77-81F5-82A56082E970}.Debug|Any CPU.ActiveCfg = Debug|Any CPU
		{0B1CF6F2-73F7-4E77-81F5-82A56082E970}.Debug|Any CPU.Build.0 = Debug|Any CPU
		{0B1CF6F2-73F7-4E77-81F5-82A56082E970}.Release|Any CPU.ActiveCfg = Release|Any CPU
		{0B1CF6F2-73F7-4E77-81F5-82A56082E970}.Release|Any CPU.Build.0 = Release|Any CPU
		{B264CA06-FA06-4DE4-8B8F-7AD463D51D8B}.Debug|Any CPU.ActiveCfg = Debug|Any CPU
		{B264CA06-FA06-4DE4-8B8F-7AD463D51D8B}.Debug|Any CPU.Build.0 = Debug|Any CPU
		{B264CA06-FA06-4DE4-8B8F-7AD463D51D8B}.Release|Any CPU.ActiveCfg = Release|Any CPU
		{B264CA06-FA06-4DE4-8B8F-7AD463D51D8B}.Release|Any CPU.Build.0 = Release|Any CPU
		{C804E11C-90FF-4D07-93BC-5A1BE7DB48ED}.Debug|Any CPU.ActiveCfg = Debug|Any CPU
		{C804E11C-90FF-4D07-93BC-5A1BE7DB48ED}.Debug|Any CPU.Build.0 = Debug|Any CPU
		{C804E11C-90FF-4D07-93BC-5A1BE7DB48ED}.Release|Any CPU.ActiveCfg = Release|Any CPU
		{C804E11C-90FF-4D07-93BC-5A1BE7DB48ED}.Release|Any CPU.Build.0 = Release|Any CPU
		{5008877A-9354-41DE-B378-DF96FB8EC7DF}.Debug|Any CPU.ActiveCfg = Debug|Any CPU
		{5008877A-9354-41DE-B378-DF96FB8EC7DF}.Debug|Any CPU.Build.0 = Debug|Any CPU
		{5008877A-9354-41DE-B378-DF96FB8EC7DF}.Release|Any CPU.ActiveCfg = Release|Any CPU
		{5008877A-9354-41DE-B378-DF96FB8EC7DF}.Release|Any CPU.Build.0 = Release|Any CPU
	EndGlobalSection
	GlobalSection(SolutionProperties) = preSolution
		HideSolutionNode = FALSE
	EndGlobalSection
	GlobalSection(ExtensibilityGlobals) = postSolution
		SolutionGuid = {501ECAB9-3C91-4FDA-A208-FA1F34AD6662}
	EndGlobalSection
EndGlobal
